
Microsoft Visual Studio Solution File, Format Version 12.00
# Visual Studio Version 16
VisualStudioVersion = 16.0.32510.428
MinimumVisualStudioVersion = 10.0.40219.1
Project("{2150E333-8FDC-42A3-9474-1A3956D46DE8}") = "StatisticMobileApp1", "StatisticMobileApp1", "{8C335046-A451-4ED8-8E81-8CDD282EC8A4}"
EndProject
Project("{FAE04EC0-301F-11D3-BF4B-00C04F79EFBC}") = "StatisticMobileApp.Android", "StatisticMobileApp\StatisticMobileApp.Android\StatisticMobileApp.Android.csproj", "{AA6E6A37-4B23-499C-8588-FACE3D07F6D4}"
EndProject
Project("{FAE04EC0-301F-11D3-BF4B-00C04F79EFBC}") = "StatisticMobileApp.iOS", "StatisticMobileApp\StatisticMobileApp.iOS\StatisticMobileApp.iOS.csproj", "{A933CD65-C79E-4176-A0A7-650A3E9BFD89}"
EndProject
Project("{9A19103F-16F7-4668-BE54-9A1E7A4F7556}") = "StatisticMobileApp", "StatisticMobileApp\StatisticMobileApp\StatisticMobileApp.csproj", "{D78260CC-6381-4355-9894-B2A6715D3AAC}"
EndProject
Project("{9A19103F-16F7-4668-BE54-9A1E7A4F7556}") = "StatisticMobileDatabaseLibrary", "StatisticMobileDatabaseLibrary\StatisticMobileDatabaseLibrary.csproj", "{F0D1A87B-3307-4E12-BA11-22E620C263DB}"
EndProject
Project("{9A19103F-16F7-4668-BE54-9A1E7A4F7556}") = "StatisticDummyConsoleApp", "StatisticDummyConsoleApp\StatisticDummyConsoleApp.csproj", "{5E93F2C7-C0D0-4D6E-B097-E00D43340F0B}"
EndProject
Global
	GlobalSection(SolutionConfigurationPlatforms) = preSolution
		Debug|Any CPU = Debug|Any CPU
		Debug|iPhone = Debug|iPhone
		Debug|iPhoneSimulator = Debug|iPhoneSimulator
		Release|Any CPU = Release|Any CPU
		Release|iPhone = Release|iPhone
		Release|iPhoneSimulator = Release|iPhoneSimulator
	EndGlobalSection
	GlobalSection(ProjectConfigurationPlatforms) = postSolution
		{AA6E6A37-4B23-499C-8588-FACE3D07F6D4}.Debug|Any CPU.ActiveCfg = Debug|Any CPU
		{AA6E6A37-4B23-499C-8588-FACE3D07F6D4}.Debug|Any CPU.Build.0 = Debug|Any CPU
		{AA6E6A37-4B23-499C-8588-FACE3D07F6D4}.Debug|Any CPU.Deploy.0 = Debug|Any CPU
		{AA6E6A37-4B23-499C-8588-FACE3D07F6D4}.Debug|iPhone.ActiveCfg = Debug|Any CPU
		{AA6E6A37-4B23-499C-8588-FACE3D07F6D4}.Debug|iPhone.Build.0 = Debug|Any CPU
		{AA6E6A37-4B23-499C-8588-FACE3D07F6D4}.Debug|iPhone.Deploy.0 = Debug|Any CPU
		{AA6E6A37-4B23-499C-8588-FACE3D07F6D4}.Debug|iPhoneSimulator.ActiveCfg = Debug|Any CPU
		{AA6E6A37-4B23-499C-8588-FACE3D07F6D4}.Debug|iPhoneSimulator.Build.0 = Debug|Any CPU
		{AA6E6A37-4B23-499C-8588-FACE3D07F6D4}.Debug|iPhoneSimulator.Deploy.0 = Debug|Any CPU
		{AA6E6A37-4B23-499C-8588-FACE3D07F6D4}.Release|Any CPU.ActiveCfg = Release|Any CPU
		{AA6E6A37-4B23-499C-8588-FACE3D07F6D4}.Release|Any CPU.Build.0 = Release|Any CPU
		{AA6E6A37-4B23-499C-8588-FACE3D07F6D4}.Release|Any CPU.Deploy.0 = Release|Any CPU
		{AA6E6A37-4B23-499C-8588-FACE3D07F6D4}.Release|iPhone.ActiveCfg = Release|Any CPU
		{AA6E6A37-4B23-499C-8588-FACE3D07F6D4}.Release|iPhone.Build.0 = Release|Any CPU
		{AA6E6A37-4B23-499C-8588-FACE3D07F6D4}.Release|iPhone.Deploy.0 = Release|Any CPU
		{AA6E6A37-4B23-499C-8588-FACE3D07F6D4}.Release|iPhoneSimulator.ActiveCfg = Release|Any CPU
		{AA6E6A37-4B23-499C-8588-FACE3D07F6D4}.Release|iPhoneSimulator.Build.0 = Release|Any CPU
		{AA6E6A37-4B23-499C-8588-FACE3D07F6D4}.Release|iPhoneSimulator.Deploy.0 = Release|Any CPU
		{A933CD65-C79E-4176-A0A7-650A3E9BFD89}.Debug|Any CPU.ActiveCfg = Debug|iPhoneSimulator
		{A933CD65-C79E-4176-A0A7-650A3E9BFD89}.Debug|iPhone.ActiveCfg = Debug|iPhone
		{A933CD65-C79E-4176-A0A7-650A3E9BFD89}.Debug|iPhone.Build.0 = Debug|iPhone
		{A933CD65-C79E-4176-A0A7-650A3E9BFD89}.Debug|iPhoneSimulator.ActiveCfg = Debug|iPhoneSimulator
		{A933CD65-C79E-4176-A0A7-650A3E9BFD89}.Debug|iPhoneSimulator.Build.0 = Debug|iPhoneSimulator
		{A933CD65-C79E-4176-A0A7-650A3E9BFD89}.Release|Any CPU.ActiveCfg = Release|iPhoneSimulator
		{A933CD65-C79E-4176-A0A7-650A3E9BFD89}.Release|iPhone.ActiveCfg = Release|iPhone
		{A933CD65-C79E-4176-A0A7-650A3E9BFD89}.Release|iPhone.Build.0 = Release|iPhone
		{A933CD65-C79E-4176-A0A7-650A3E9BFD89}.Release|iPhoneSimulator.ActiveCfg = Release|iPhoneSimulator
		{A933CD65-C79E-4176-A0A7-650A3E9BFD89}.Release|iPhoneSimulator.Build.0 = Release|iPhoneSimulator
		{D78260CC-6381-4355-9894-B2A6715D3AAC}.Debug|Any CPU.ActiveCfg = Debug|Any CPU
		{D78260CC-6381-4355-9894-B2A6715D3AAC}.Debug|Any CPU.Build.0 = Debug|Any CPU
		{D78260CC-6381-4355-9894-B2A6715D3AAC}.Debug|iPhone.ActiveCfg = Debug|Any CPU
		{D78260CC-6381-4355-9894-B2A6715D3AAC}.Debug|iPhone.Build.0 = Debug|Any CPU
		{D78260CC-6381-4355-9894-B2A6715D3AAC}.Debug|iPhoneSimulator.ActiveCfg = Debug|Any CPU
		{D78260CC-6381-4355-9894-B2A6715D3AAC}.Debug|iPhoneSimulator.Build.0 = Debug|Any CPU
		{D78260CC-6381-4355-9894-B2A6715D3AAC}.Release|Any CPU.ActiveCfg = Release|Any CPU
		{D78260CC-6381-4355-9894-B2A6715D3AAC}.Release|Any CPU.Build.0 = Release|Any CPU
		{D78260CC-6381-4355-9894-B2A6715D3AAC}.Release|iPhone.ActiveCfg = Release|Any CPU
		{D78260CC-6381-4355-9894-B2A6715D3AAC}.Release|iPhone.Build.0 = Release|Any CPU
		{D78260CC-6381-4355-9894-B2A6715D3AAC}.Release|iPhoneSimulator.ActiveCfg = Release|Any CPU
		{D78260CC-6381-4355-9894-B2A6715D3AAC}.Release|iPhoneSimulator.Build.0 = Release|Any CPU
		{F0D1A87B-3307-4E12-BA11-22E620C263DB}.Debug|Any CPU.ActiveCfg = Debug|Any CPU
		{F0D1A87B-3307-4E12-BA11-22E620C263DB}.Debug|Any CPU.Build.0 = Debug|Any CPU
		{F0D1A87B-3307-4E12-BA11-22E620C263DB}.Debug|iPhone.ActiveCfg = Debug|Any CPU
		{F0D1A87B-3307-4E12-BA11-22E620C263DB}.Debug|iPhone.Build.0 = Debug|Any CPU
		{F0D1A87B-3307-4E12-BA11-22E620C263DB}.Debug|iPhoneSimulator.ActiveCfg = Debug|Any CPU
		{F0D1A87B-3307-4E12-BA11-22E620C263DB}.Debug|iPhoneSimulator.Build.0 = Debug|Any CPU
		{F0D1A87B-3307-4E12-BA11-22E620C263DB}.Release|Any CPU.ActiveCfg = Release|Any CPU
		{F0D1A87B-3307-4E12-BA11-22E620C263DB}.Release|Any CPU.Build.0 = Release|Any CPU
		{F0D1A87B-3307-4E12-BA11-22E620C263DB}.Release|iPhone.ActiveCfg = Release|Any CPU
		{F0D1A87B-3307-4E12-BA11-22E620C263DB}.Release|iPhone.Build.0 = Release|Any CPU
		{F0D1A87B-3307-4E12-BA11-22E620C263DB}.Release|iPhoneSimulator.ActiveCfg = Release|Any CPU
		{F0D1A87B-3307-4E12-BA11-22E620C263DB}.Release|iPhoneSimulator.Build.0 = Release|Any CPU
		{5E93F2C7-C0D0-4D6E-B097-E00D43340F0B}.Debug|Any CPU.ActiveCfg = Debug|Any CPU
		{5E93F2C7-C0D0-4D6E-B097-E00D43340F0B}.Debug|Any CPU.Build.0 = Debug|Any CPU
		{5E93F2C7-C0D0-4D6E-B097-E00D43340F0B}.Debug|iPhone.ActiveCfg = Debug|Any CPU
		{5E93F2C7-C0D0-4D6E-B097-E00D43340F0B}.Debug|iPhone.Build.0 = Debug|Any CPU
		{5E93F2C7-C0D0-4D6E-B097-E00D43340F0B}.Debug|iPhoneSimulator.ActiveCfg = Debug|Any CPU
		{5E93F2C7-C0D0-4D6E-B097-E00D43340F0B}.Debug|iPhoneSimulator.Build.0 = Debug|Any CPU
		{5E93F2C7-C0D0-4D6E-B097-E00D43340F0B}.Release|Any CPU.ActiveCfg = Release|Any CPU
		{5E93F2C7-C0D0-4D6E-B097-E00D43340F0B}.Release|Any CPU.Build.0 = Release|Any CPU
		{5E93F2C7-C0D0-4D6E-B097-E00D43340F0B}.Release|iPhone.ActiveCfg = Release|Any CPU
		{5E93F2C7-C0D0-4D6E-B097-E00D43340F0B}.Release|iPhone.Build.0 = Release|Any CPU
		{5E93F2C7-C0D0-4D6E-B097-E00D43340F0B}.Release|iPhoneSimulator.ActiveCfg = Release|Any CPU
		{5E93F2C7-C0D0-4D6E-B097-E00D43340F0B}.Release|iPhoneSimulator.Build.0 = Release|Any CPU
	EndGlobalSection
	GlobalSection(SolutionProperties) = preSolution
		HideSolutionNode = FALSE
	EndGlobalSection
	GlobalSection(NestedProjects) = preSolution
		{AA6E6A37-4B23-499C-8588-FACE3D07F6D4} = {8C335046-A451-4ED8-8E81-8CDD282EC8A4}
		{A933CD65-C79E-4176-A0A7-650A3E9BFD89} = {8C335046-A451-4ED8-8E81-8CDD282EC8A4}
		{D78260CC-6381-4355-9894-B2A6715D3AAC} = {8C335046-A451-4ED8-8E81-8CDD282EC8A4}
		{F0D1A87B-3307-4E12-BA11-22E620C263DB} = {8C335046-A451-4ED8-8E81-8CDD282EC8A4}
		{5E93F2C7-C0D0-4D6E-B097-E00D43340F0B} = {8C335046-A451-4ED8-8E81-8CDD282EC8A4}
	EndGlobalSection
	GlobalSection(ExtensibilityGlobals) = postSolution
		SolutionGuid = {25E897E9-9F21-4F86-B287-3419429EEDE6}
	EndGlobalSection
EndGlobal
